{
  "version": 4,
  "terraform_version": "1.3.7",
  "serial": 26,
  "lineage": "edc3a6a7-5bc4-8b0f-6680-6c522353bf2e",
  "outputs": {},
  "resources": [
    {
      "mode": "managed",
      "type": "azurerm_resource_group",
      "name": "rg_digimon_students_new",
      "provider": "provider[\"registry.terraform.io/hashicorp/azurerm\"]",
      "instances": [
        {
          "schema_version": 0,
          "attributes": {
            "id": "/subscriptions/bdf95cec-5414-47d8-8eba-046b839b2b80/resourceGroups/rg_digimon_21939_students_new",
            "location": "westeurope",
            "name": "rg_digimon_21939_students_new",
            "tags": {
              "icto": "dtit_21939",
              "owner": "digimon",
              "source": "terraform"
            },
            "timeouts": null
          },
          "sensitive_attributes": [],
          "private": "eyJlMmJmYjczMC1lY2FhLTExZTYtOGY4OC0zNDM2M2JjN2M0YzAiOnsiY3JlYXRlIjo1NDAwMDAwMDAwMDAwLCJkZWxldGUiOjU0MDAwMDAwMDAwMDAsInJlYWQiOjMwMDAwMDAwMDAwMCwidXBkYXRlIjo1NDAwMDAwMDAwMDAwfX0="
        }
      ]
    },
    {
      "mode": "managed",
      "type": "azurerm_static_site",
      "name": "static_web_app",
      "provider": "provider[\"registry.terraform.io/hashicorp/azurerm\"]",
      "instances": [
        {
          "schema_version": 0,
          "attributes": {
            "api_key": "7c69508fec304c9f438c3e21204b635516cd6387b59b690895c8423d41e9f74c2-672ad9a4-2ee3-4e23-a726-146b46960442003177428",
            "default_host_name": "victorious-field-036f03803.2.azurestaticapps.net",
            "id": "/subscriptions/bdf95cec-5414-47d8-8eba-046b839b2b80/resourceGroups/rg_digimon_21939_students_new/providers/Microsoft.Web/staticSites/swa-datalake",
            "identity": [],
            "location": "westeurope",
            "name": "swa-datalake",
            "resource_group_name": "rg_digimon_21939_students_new",
            "sku_size": "Free",
            "sku_tier": "Free",
            "tags": {
              "environment": "devtest",
              "product": "cloudintegrated",
              "psp_element": "T-T5A-202015893-10-0001",
              "w5baseid": "16418174480001"
            },
            "timeouts": null
          },
          "sensitive_attributes": [],
          "private": "eyJlMmJmYjczMC1lY2FhLTExZTYtOGY4OC0zNDM2M2JjN2M0YzAiOnsiY3JlYXRlIjoxODAwMDAwMDAwMDAwLCJkZWxldGUiOjE4MDAwMDAwMDAwMDAsInJlYWQiOjMwMDAwMDAwMDAwMCwidXBkYXRlIjoxODAwMDAwMDAwMDAwfX0="
        }
      ]
    }
  ],
  "check_results": null
}
